
Microsoft Visual Studio Solution File, Format Version 12.00
# Visual Studio 2013
VisualStudioVersion = 12.0.21005.1
MinimumVisualStudioVersion = 10.0.40219.1
Project("{8BC9CEB8-8B4A-11D0-8D11-00A0C91BC942}") = "FsPubLogic", "FsPubLogic\FsPubLogic.vcxproj", "{DA0F12F3-178D-48CB-98BF-38074BFEA793}"
EndProject
Project("{8BC9CEB8-8B4A-11D0-8D11-00A0C91BC942}") = "FsSnsLogic", "FsSnsLogic\FsSnsLogic.vcxproj", "{20657277-1433-42D6-90B4-B99850621AD7}"
EndProject
Project("{8BC9CEB8-8B4A-11D0-8D11-00A0C91BC942}") = "FsGame", "FsGame\FsGame.vcxproj", "{E01224A8-CF15-4D15-A1DE-C51D5FB7DEA4}"
EndProject
Global
	GlobalSection(SolutionConfigurationPlatforms) = preSolution
		Debug|ARM = Debug|ARM
		Debug|Win32 = Debug|Win32
		Debug|x64 = Debug|x64
		Debug64|ARM = Debug64|ARM
		Debug64|Win32 = Debug64|Win32
		Debug64|x64 = Debug64|x64
		Release|ARM = Release|ARM
		Release|Win32 = Release|Win32
		Release|x64 = Release|x64
		Release64|ARM = Release64|ARM
		Release64|Win32 = Release64|Win32
		Release64|x64 = Release64|x64
		TEST|ARM = TEST|ARM
		TEST|Win32 = TEST|Win32
		TEST|x64 = TEST|x64
	EndGlobalSection
	GlobalSection(ProjectConfigurationPlatforms) = postSolution
		{DA0F12F3-178D-48CB-98BF-38074BFEA793}.Debug|ARM.ActiveCfg = Debug|Win32
		{DA0F12F3-178D-48CB-98BF-38074BFEA793}.Debug|Win32.ActiveCfg = Debug|Win32
		{DA0F12F3-178D-48CB-98BF-38074BFEA793}.Debug|Win32.Build.0 = Debug|Win32
		{DA0F12F3-178D-48CB-98BF-38074BFEA793}.Debug|x64.ActiveCfg = Debug|Win32
		{DA0F12F3-178D-48CB-98BF-38074BFEA793}.Debug|x64.Build.0 = Debug|Win32
		{DA0F12F3-178D-48CB-98BF-38074BFEA793}.Debug64|ARM.ActiveCfg = Debug|Win32
		{DA0F12F3-178D-48CB-98BF-38074BFEA793}.Debug64|Win32.ActiveCfg = Debug|x64
		{DA0F12F3-178D-48CB-98BF-38074BFEA793}.Debug64|x64.ActiveCfg = Debug|x64
		{DA0F12F3-178D-48CB-98BF-38074BFEA793}.Debug64|x64.Build.0 = Debug|x64
		{DA0F12F3-178D-48CB-98BF-38074BFEA793}.Release|ARM.ActiveCfg = Release64|Win32
		{DA0F12F3-178D-48CB-98BF-38074BFEA793}.Release|Win32.ActiveCfg = Release64|Win32
		{DA0F12F3-178D-48CB-98BF-38074BFEA793}.Release|Win32.Build.0 = Release64|Win32
		{DA0F12F3-178D-48CB-98BF-38074BFEA793}.Release|x64.ActiveCfg = Release64|x64
		{DA0F12F3-178D-48CB-98BF-38074BFEA793}.Release|x64.Build.0 = Release64|x64
		{DA0F12F3-178D-48CB-98BF-38074BFEA793}.Release64|ARM.ActiveCfg = Release64|Win32
		{DA0F12F3-178D-48CB-98BF-38074BFEA793}.Release64|Win32.ActiveCfg = Release64|x64
		{DA0F12F3-178D-48CB-98BF-38074BFEA793}.Release64|Win32.Build.0 = Release64|x64
		{DA0F12F3-178D-48CB-98BF-38074BFEA793}.Release64|x64.ActiveCfg = Release64|x64
		{DA0F12F3-178D-48CB-98BF-38074BFEA793}.Release64|x64.Build.0 = Release64|x64
		{DA0F12F3-178D-48CB-98BF-38074BFEA793}.TEST|ARM.ActiveCfg = Release64|Win32
		{DA0F12F3-178D-48CB-98BF-38074BFEA793}.TEST|Win32.ActiveCfg = Release64|Win32
		{DA0F12F3-178D-48CB-98BF-38074BFEA793}.TEST|Win32.Build.0 = Release64|Win32
		{DA0F12F3-178D-48CB-98BF-38074BFEA793}.TEST|x64.ActiveCfg = Release64|x64
		{DA0F12F3-178D-48CB-98BF-38074BFEA793}.TEST|x64.Build.0 = Release64|x64
		{20657277-1433-42D6-90B4-B99850621AD7}.Debug|ARM.ActiveCfg = Debug|Win32
		{20657277-1433-42D6-90B4-B99850621AD7}.Debug|Win32.ActiveCfg = Debug|Win32
		{20657277-1433-42D6-90B4-B99850621AD7}.Debug|Win32.Build.0 = Debug|Win32
		{20657277-1433-42D6-90B4-B99850621AD7}.Debug|Win32.Deploy.0 = Debug|Win32
		{20657277-1433-42D6-90B4-B99850621AD7}.Debug|x64.ActiveCfg = Debug|Win32
		{20657277-1433-42D6-90B4-B99850621AD7}.Debug|x64.Build.0 = Debug|Win32
		{20657277-1433-42D6-90B4-B99850621AD7}.Debug64|ARM.ActiveCfg = Debug|Win32
		{20657277-1433-42D6-90B4-B99850621AD7}.Debug64|Win32.ActiveCfg = Debug|x64
		{20657277-1433-42D6-90B4-B99850621AD7}.Debug64|x64.ActiveCfg = Debug|x64
		{20657277-1433-42D6-90B4-B99850621AD7}.Debug64|x64.Build.0 = Debug|x64
		{20657277-1433-42D6-90B4-B99850621AD7}.Release|ARM.ActiveCfg = Release64|Win32
		{20657277-1433-42D6-90B4-B99850621AD7}.Release|Win32.ActiveCfg = Release64|Win32
		{20657277-1433-42D6-90B4-B99850621AD7}.Release|Win32.Build.0 = Release64|Win32
		{20657277-1433-42D6-90B4-B99850621AD7}.Release|x64.ActiveCfg = Release64|x64
		{20657277-1433-42D6-90B4-B99850621AD7}.Release|x64.Build.0 = Release64|x64
		{20657277-1433-42D6-90B4-B99850621AD7}.Release64|ARM.ActiveCfg = Release64|Win32
		{20657277-1433-42D6-90B4-B99850621AD7}.Release64|Win32.ActiveCfg = Release64|x64
		{20657277-1433-42D6-90B4-B99850621AD7}.Release64|Win32.Build.0 = Release64|x64
		{20657277-1433-42D6-90B4-B99850621AD7}.Release64|x64.ActiveCfg = Release64|x64
		{20657277-1433-42D6-90B4-B99850621AD7}.Release64|x64.Build.0 = Release64|x64
		{20657277-1433-42D6-90B4-B99850621AD7}.TEST|ARM.ActiveCfg = Release64|Win32
		{20657277-1433-42D6-90B4-B99850621AD7}.TEST|Win32.ActiveCfg = Release64|Win32
		{20657277-1433-42D6-90B4-B99850621AD7}.TEST|Win32.Build.0 = Release64|Win32
		{20657277-1433-42D6-90B4-B99850621AD7}.TEST|x64.ActiveCfg = Release64|x64
		{20657277-1433-42D6-90B4-B99850621AD7}.TEST|x64.Build.0 = Release64|x64
		{E01224A8-CF15-4D15-A1DE-C51D5FB7DEA4}.Debug|ARM.ActiveCfg = Debug|Win32
		{E01224A8-CF15-4D15-A1DE-C51D5FB7DEA4}.Debug|Win32.ActiveCfg = Debug|Win32
		{E01224A8-CF15-4D15-A1DE-C51D5FB7DEA4}.Debug|Win32.Build.0 = Debug|Win32
		{E01224A8-CF15-4D15-A1DE-C51D5FB7DEA4}.Debug|x64.ActiveCfg = Debug|Win32
		{E01224A8-CF15-4D15-A1DE-C51D5FB7DEA4}.Debug|x64.Build.0 = Debug|Win32
		{E01224A8-CF15-4D15-A1DE-C51D5FB7DEA4}.Debug64|ARM.ActiveCfg = Debug|Win32
		{E01224A8-CF15-4D15-A1DE-C51D5FB7DEA4}.Debug64|Win32.ActiveCfg = Debug|Win32
		{E01224A8-CF15-4D15-A1DE-C51D5FB7DEA4}.Debug64|Win32.Build.0 = Debug|Win32
		{E01224A8-CF15-4D15-A1DE-C51D5FB7DEA4}.Debug64|x64.ActiveCfg = Debug|Win32
		{E01224A8-CF15-4D15-A1DE-C51D5FB7DEA4}.Release|ARM.ActiveCfg = Release64|Win32
		{E01224A8-CF15-4D15-A1DE-C51D5FB7DEA4}.Release|Win32.ActiveCfg = Release64|Win32
		{E01224A8-CF15-4D15-A1DE-C51D5FB7DEA4}.Release|Win32.Build.0 = Release64|Win32
		{E01224A8-CF15-4D15-A1DE-C51D5FB7DEA4}.Release|x64.ActiveCfg = Release64|x64
		{E01224A8-CF15-4D15-A1DE-C51D5FB7DEA4}.Release|x64.Build.0 = Release64|x64
		{E01224A8-CF15-4D15-A1DE-C51D5FB7DEA4}.Release64|ARM.ActiveCfg = Release64|Win32
		{E01224A8-CF15-4D15-A1DE-C51D5FB7DEA4}.Release64|Win32.ActiveCfg = Release64|x64
		{E01224A8-CF15-4D15-A1DE-C51D5FB7DEA4}.Release64|Win32.Build.0 = Release64|x64
		{E01224A8-CF15-4D15-A1DE-C51D5FB7DEA4}.Release64|x64.ActiveCfg = Release64|x64
		{E01224A8-CF15-4D15-A1DE-C51D5FB7DEA4}.Release64|x64.Build.0 = Release64|x64
		{E01224A8-CF15-4D15-A1DE-C51D5FB7DEA4}.TEST|ARM.ActiveCfg = Release64|Win32
		{E01224A8-CF15-4D15-A1DE-C51D5FB7DEA4}.TEST|Win32.ActiveCfg = Release64|Win32
		{E01224A8-CF15-4D15-A1DE-C51D5FB7DEA4}.TEST|Win32.Build.0 = Release64|Win32
		{E01224A8-CF15-4D15-A1DE-C51D5FB7DEA4}.TEST|x64.ActiveCfg = Release64|x64
		{E01224A8-CF15-4D15-A1DE-C51D5FB7DEA4}.TEST|x64.Build.0 = Release64|x64
	EndGlobalSection
	GlobalSection(SolutionProperties) = preSolution
		HideSolutionNode = FALSE
	EndGlobalSection
EndGlobal
